
Microsoft Visual Studio Solution File, Format Version 12.00
# Visual Studio Version 16
VisualStudioVersion = 16.0.30611.23
MinimumVisualStudioVersion = 10.0.40219.1
Project("{FAE04EC0-301F-11D3-BF4B-00C04F79EFBC}") = "LABTASK1", "LABTASK1\LABTASK1.csproj", "{756EBD36-1508-4C3F-AB95-72E564363CEC}"
EndProject
Global
	GlobalSection(SolutionConfigurationPlatforms) = preSolution
		Debug|Any CPU = Debug|Any CPU
		Release|Any CPU = Release|Any CPU
	EndGlobalSection
	GlobalSection(ProjectConfigurationPlatforms) = postSolution
		{756EBD36-1508-4C3F-AB95-72E564363CEC}.Debug|Any CPU.ActiveCfg = Debug|Any CPU
		{756EBD36-1508-4C3F-AB95-72E564363CEC}.Debug|Any CPU.Build.0 = Debug|Any CPU
		{756EBD36-1508-4C3F-AB95-72E564363CEC}.Release|Any CPU.ActiveCfg = Release|Any CPU
		{756EBD36-1508-4C3F-AB95-72E564363CEC}.Release|Any CPU.Build.0 = Release|Any CPU
	EndGlobalSection
	GlobalSection(SolutionProperties) = preSolution
		HideSolutionNode = FALSE
	EndGlobalSection
	GlobalSection(ExtensibilityGlobals) = postSolution
		SolutionGuid = {ED75E7DE-5750-49EB-8013-6C8E8C4B3B93}
	EndGlobalSection
EndGlobal
